
Microsoft Visual Studio Solution File, Format Version 12.00
# Visual Studio 15
VisualStudioVersion = 15.0.27703.2042
MinimumVisualStudioVersion = 10.0.40219.1
Project("{FAE04EC0-301F-11D3-BF4B-00C04F79EFBC}") = "OnlineShoppingWebsite", "OnlineShoppingWebsite\OnlineShoppingWebsite.csproj", "{843B2668-93A4-4D76-A3BD-5A2D5FB0BBD2}"
EndProject
Global
	GlobalSection(SolutionConfigurationPlatforms) = preSolution
		Debug|Any CPU = Debug|Any CPU
		Release|Any CPU = Release|Any CPU
	EndGlobalSection
	GlobalSection(ProjectConfigurationPlatforms) = postSolution
		{843B2668-93A4-4D76-A3BD-5A2D5FB0BBD2}.Debug|Any CPU.ActiveCfg = Debug|Any CPU
		{843B2668-93A4-4D76-A3BD-5A2D5FB0BBD2}.Debug|Any CPU.Build.0 = Debug|Any CPU
		{843B2668-93A4-4D76-A3BD-5A2D5FB0BBD2}.Release|Any CPU.ActiveCfg = Release|Any CPU
		{843B2668-93A4-4D76-A3BD-5A2D5FB0BBD2}.Release|Any CPU.Build.0 = Release|Any CPU
	EndGlobalSection
	GlobalSection(SolutionProperties) = preSolution
		HideSolutionNode = FALSE
	EndGlobalSection
	GlobalSection(ExtensibilityGlobals) = postSolution
		SolutionGuid = {8F33C17B-7529-4F51-8B09-7B984324BD5F}
	EndGlobalSection
EndGlobal
